
Microsoft Visual Studio Solution File, Format Version 12.00
# Visual Studio Version 16
VisualStudioVersion = 16.0.32228.343
MinimumVisualStudioVersion = 10.0.40219.1
Project("{9A19103F-16F7-4668-BE54-9A1E7A4F7556}") = "DeviceCommandApp", "DeviceCommandApp\DeviceCommandApp.csproj", "{F322151C-6C55-47BB-986D-A3169A4EE1FF}"
EndProject
Project("{9A19103F-16F7-4668-BE54-9A1E7A4F7556}") = "TestTool", "DeviceCommandTest\TestTool.csproj", "{28B2570A-7715-496A-A943-97CCD186A76F}"
EndProject
Global
	GlobalSection(SolutionConfigurationPlatforms) = preSolution
		Debug|Any CPU = Debug|Any CPU
		Release|Any CPU = Release|Any CPU
	EndGlobalSection
	GlobalSection(ProjectConfigurationPlatforms) = postSolution
		{F322151C-6C55-47BB-986D-A3169A4EE1FF}.Debug|Any CPU.ActiveCfg = Debug|Any CPU
		{F322151C-6C55-47BB-986D-A3169A4EE1FF}.Debug|Any CPU.Build.0 = Debug|Any CPU
		{F322151C-6C55-47BB-986D-A3169A4EE1FF}.Release|Any CPU.ActiveCfg = Release|Any CPU
		{F322151C-6C55-47BB-986D-A3169A4EE1FF}.Release|Any CPU.Build.0 = Release|Any CPU
		{28B2570A-7715-496A-A943-97CCD186A76F}.Debug|Any CPU.ActiveCfg = Debug|Any CPU
		{28B2570A-7715-496A-A943-97CCD186A76F}.Debug|Any CPU.Build.0 = Debug|Any CPU
		{28B2570A-7715-496A-A943-97CCD186A76F}.Release|Any CPU.ActiveCfg = Release|Any CPU
		{28B2570A-7715-496A-A943-97CCD186A76F}.Release|Any CPU.Build.0 = Release|Any CPU
	EndGlobalSection
	GlobalSection(SolutionProperties) = preSolution
		HideSolutionNode = FALSE
	EndGlobalSection
	GlobalSection(ExtensibilityGlobals) = postSolution
		SolutionGuid = {8828BCFB-725E-4B6D-A92C-84FCB985BA3D}
	EndGlobalSection
EndGlobal
